
Microsoft Visual Studio Solution File, Format Version 12.00
# Visual Studio Version 16
VisualStudioVersion = 16.0.31313.79
MinimumVisualStudioVersion = 10.0.40219.1
Project("{FAE04EC0-301F-11D3-BF4B-00C04F79EFBC}") = "Music_InstrumentDB_Console", "Music_InstrumentDB_Console\Music_InstrumentDB_Console.csproj", "{5D444D9A-3D91-42FD-A6AE-E9EE34EE6AD8}"
EndProject
Global
	GlobalSection(SolutionConfigurationPlatforms) = preSolution
		Debug|Any CPU = Debug|Any CPU
		Release|Any CPU = Release|Any CPU
	EndGlobalSection
	GlobalSection(ProjectConfigurationPlatforms) = postSolution
		{5D444D9A-3D91-42FD-A6AE-E9EE34EE6AD8}.Debug|Any CPU.ActiveCfg = Debug|Any CPU
		{5D444D9A-3D91-42FD-A6AE-E9EE34EE6AD8}.Debug|Any CPU.Build.0 = Debug|Any CPU
		{5D444D9A-3D91-42FD-A6AE-E9EE34EE6AD8}.Release|Any CPU.ActiveCfg = Release|Any CPU
		{5D444D9A-3D91-42FD-A6AE-E9EE34EE6AD8}.Release|Any CPU.Build.0 = Release|Any CPU
	EndGlobalSection
	GlobalSection(SolutionProperties) = preSolution
		HideSolutionNode = FALSE
	EndGlobalSection
	GlobalSection(ExtensibilityGlobals) = postSolution
		SolutionGuid = {783EC343-9C2C-407A-B9D9-F32257D48977}
	EndGlobalSection
EndGlobal
